
Microsoft Visual Studio Solution File, Format Version 12.00
# Visual Studio Version 17
VisualStudioVersion = 17.2.32630.192
MinimumVisualStudioVersion = 10.0.40219.1
Project("{9A19103F-16F7-4668-BE54-9A1E7A4F7556}") = "R5T.F0112.Construction", "R5T.F0112.Construction\R5T.F0112.Construction.csproj", "{98E11612-0701-4A17-A541-E5F9047C218F}"
EndProject
Project("{9A19103F-16F7-4668-BE54-9A1E7A4F7556}") = "R5T.F0112", "R5T.F0112\R5T.F0112.csproj", "{BEC33822-5C85-4A33-BE83-540912B78FFF}"
EndProject
Project("{2150E333-8FDC-42A3-9474-1A3956D46DE8}") = "_Dependencies", "_Dependencies", "{D7E09323-A2AA-4BC1-8DAE-2599422FA7B3}"
EndProject
Project("{9A19103F-16F7-4668-BE54-9A1E7A4F7556}") = "R5T.F0000", "..\..\R5T.F0000\source\R5T.F0000\R5T.F0000.csproj", "{C8C708D8-29E8-445A-BC55-BCC9D589868A}"
EndProject
Project("{9A19103F-16F7-4668-BE54-9A1E7A4F7556}") = "R5T.F0002", "..\..\R5T.F0002\source\R5T.F0002\R5T.F0002.csproj", "{E32B1599-B07B-4CA6-AFBA-55C55B134142}"
EndProject
Project("{9A19103F-16F7-4668-BE54-9A1E7A4F7556}") = "R5T.F0035.F001", "..\..\R5T.F0035\source\R5T.F0035.F001\R5T.F0035.F001.csproj", "{5ABBC046-911A-4AAE-A5EB-2C14BCD560AB}"
EndProject
Project("{9A19103F-16F7-4668-BE54-9A1E7A4F7556}") = "R5T.NG0002", "..\..\R5T.NG0002\source\R5T.NG0002\R5T.NG0002.csproj", "{0BBE19E0-D44C-45DE-BFB8-FC0C690D0DD8}"
EndProject
Project("{9A19103F-16F7-4668-BE54-9A1E7A4F7556}") = "R5T.NG0006", "..\..\R5T.NG0006\source\R5T.NG0006\R5T.NG0006.csproj", "{15777925-73BA-4E2E-98B3-712D31368A7F}"
EndProject
Project("{9A19103F-16F7-4668-BE54-9A1E7A4F7556}") = "R5T.NG0007", "..\..\R5T.NG0007\source\R5T.NG0007\R5T.NG0007.csproj", "{FFAC7661-F683-4069-8551-3B7EB327BD70}"
EndProject
Project("{9A19103F-16F7-4668-BE54-9A1E7A4F7556}") = "R5T.T0131", "..\..\R5T.T0131\source\R5T.T0131\R5T.T0131.csproj", "{8455EF6E-1970-4F9F-A749-378C8EEEF309}"
EndProject
Project("{9A19103F-16F7-4668-BE54-9A1E7A4F7556}") = "R5T.T0132", "..\..\R5T.T0132\source\R5T.T0132\R5T.T0132.csproj", "{BC392897-A472-4E8C-9C34-936F9A5305C4}"
EndProject
Project("{9A19103F-16F7-4668-BE54-9A1E7A4F7556}") = "R5T.T0142", "..\..\R5T.T0142\source\R5T.T0142\R5T.T0142.csproj", "{DCD2CB0C-738F-481D-8065-CA4BA1296FB7}"
EndProject
Project("{9A19103F-16F7-4668-BE54-9A1E7A4F7556}") = "R5T.T0143", "..\..\R5T.T0143\source\R5T.T0143\R5T.T0143.csproj", "{85D8404E-C274-4F07-BB99-5F640760389B}"
EndProject
Project("{9A19103F-16F7-4668-BE54-9A1E7A4F7556}") = "R5T.T0148", "..\..\R5T.T0148\source\R5T.T0148\R5T.T0148.csproj", "{6751B6EC-2106-4D5F-84AE-609FB7986829}"
EndProject
Project("{9A19103F-16F7-4668-BE54-9A1E7A4F7556}") = "R5T.T0156", "..\..\R5T.T0156\source\R5T.T0156\R5T.T0156.csproj", "{398217F9-EB7D-4339-819B-851EF5929296}"
EndProject
Project("{9A19103F-16F7-4668-BE54-9A1E7A4F7556}") = "R5T.T0158.F000", "..\..\R5T.T0158\source\R5T.T0158.F000\R5T.T0158.F000.csproj", "{D1F48B27-A3B7-4EDF-9F94-A1B9E20C057A}"
EndProject
Project("{9A19103F-16F7-4668-BE54-9A1E7A4F7556}") = "R5T.T0158.T000", "..\..\R5T.T0158\source\R5T.T0158.T000\R5T.T0158.T000.csproj", "{ED0AE778-5BA0-4A81-B285-313DC53E24E7}"
EndProject
Project("{9A19103F-16F7-4668-BE54-9A1E7A4F7556}") = "R5T.T0158", "..\..\R5T.T0158\source\R5T.T0158\R5T.T0158.csproj", "{0C414471-E42E-46A0-BC3D-D5395EF533C3}"
EndProject
Project("{9A19103F-16F7-4668-BE54-9A1E7A4F7556}") = "R5T.T0159.F000", "..\..\R5T.T0159\source\R5T.T0159.F000\R5T.T0159.F000.csproj", "{CCC0E495-776D-494F-8F5A-1BB42B5BB753}"
EndProject
Project("{9A19103F-16F7-4668-BE54-9A1E7A4F7556}") = "R5T.T0159", "..\..\R5T.T0159\source\R5T.T0159\R5T.T0159.csproj", "{FDAD9020-6971-403D-9270-C5AA1F8D3008}"
EndProject
Project("{9A19103F-16F7-4668-BE54-9A1E7A4F7556}") = "R5T.Y0000", "..\..\R5T.Y0000\source\R5T.Y0000\R5T.Y0000.csproj", "{035C38D4-CB05-4365-B252-180A622CF294}"
EndProject
Project("{9A19103F-16F7-4668-BE54-9A1E7A4F7556}") = "R5T.Z0000", "..\..\R5T.Z0000\source\R5T.Z0000\R5T.Z0000.csproj", "{ED885A74-0A30-4543-A660-FAB8A558CDD3}"
EndProject
Project("{9A19103F-16F7-4668-BE54-9A1E7A4F7556}") = "R5T.Z0012", "..\..\R5T.Z0012\source\R5T.Z0012\R5T.Z0012.csproj", "{45CE2FB6-9462-474D-B225-56370604A400}"
EndProject
Project("{9A19103F-16F7-4668-BE54-9A1E7A4F7556}") = "R5T.F0052", "..\..\R5T.F0052\source\R5T.F0052\R5T.F0052.csproj", "{89974FAF-18EB-4DE2-9144-A9DD611C6FAC}"
EndProject
Project("{9A19103F-16F7-4668-BE54-9A1E7A4F7556}") = "R5T.F0032", "..\..\R5T.F0032\source\R5T.F0032\R5T.F0032.csproj", "{CE5B108A-986D-47BE-81C1-C6228AE7D766}"
EndProject
Project("{9A19103F-16F7-4668-BE54-9A1E7A4F7556}") = "R5T.F0077", "..\..\R5T.F0077\source\R5T.F0077\R5T.F0077.csproj", "{20891B20-E30F-40DA-9400-C20C8343F226}"
EndProject
Project("{9A19103F-16F7-4668-BE54-9A1E7A4F7556}") = "R5T.Z0010", "..\..\R5T.Z0010\source\R5T.Z0010\R5T.Z0010.csproj", "{7AB45512-087C-4BC4-9499-37714FAE0788}"
EndProject
Global
	GlobalSection(SolutionConfigurationPlatforms) = preSolution
		Debug|Any CPU = Debug|Any CPU
		Release|Any CPU = Release|Any CPU
	EndGlobalSection
	GlobalSection(ProjectConfigurationPlatforms) = postSolution
		{98E11612-0701-4A17-A541-E5F9047C218F}.Debug|Any CPU.ActiveCfg = Debug|Any CPU
		{98E11612-0701-4A17-A541-E5F9047C218F}.Debug|Any CPU.Build.0 = Debug|Any CPU
		{98E11612-0701-4A17-A541-E5F9047C218F}.Release|Any CPU.ActiveCfg = Release|Any CPU
		{98E11612-0701-4A17-A541-E5F9047C218F}.Release|Any CPU.Build.0 = Release|Any CPU
		{BEC33822-5C85-4A33-BE83-540912B78FFF}.Debug|Any CPU.ActiveCfg = Debug|Any CPU
		{BEC33822-5C85-4A33-BE83-540912B78FFF}.Debug|Any CPU.Build.0 = Debug|Any CPU
		{BEC33822-5C85-4A33-BE83-540912B78FFF}.Release|Any CPU.ActiveCfg = Release|Any CPU
		{BEC33822-5C85-4A33-BE83-540912B78FFF}.Release|Any CPU.Build.0 = Release|Any CPU
		{C8C708D8-29E8-445A-BC55-BCC9D589868A}.Debug|Any CPU.ActiveCfg = Debug|Any CPU
		{C8C708D8-29E8-445A-BC55-BCC9D589868A}.Debug|Any CPU.Build.0 = Debug|Any CPU
		{C8C708D8-29E8-445A-BC55-BCC9D589868A}.Release|Any CPU.ActiveCfg = Release|Any CPU
		{C8C708D8-29E8-445A-BC55-BCC9D589868A}.Release|Any CPU.Build.0 = Release|Any CPU
		{E32B1599-B07B-4CA6-AFBA-55C55B134142}.Debug|Any CPU.ActiveCfg = Debug|Any CPU
		{E32B1599-B07B-4CA6-AFBA-55C55B134142}.Debug|Any CPU.Build.0 = Debug|Any CPU
		{E32B1599-B07B-4CA6-AFBA-55C55B134142}.Release|Any CPU.ActiveCfg = Release|Any CPU
		{E32B1599-B07B-4CA6-AFBA-55C55B134142}.Release|Any CPU.Build.0 = Release|Any CPU
		{5ABBC046-911A-4AAE-A5EB-2C14BCD560AB}.Debug|Any CPU.ActiveCfg = Debug|Any CPU
		{5ABBC046-911A-4AAE-A5EB-2C14BCD560AB}.Debug|Any CPU.Build.0 = Debug|Any CPU
		{5ABBC046-911A-4AAE-A5EB-2C14BCD560AB}.Release|Any CPU.ActiveCfg = Release|Any CPU
		{5ABBC046-911A-4AAE-A5EB-2C14BCD560AB}.Release|Any CPU.Build.0 = Release|Any CPU
		{0BBE19E0-D44C-45DE-BFB8-FC0C690D0DD8}.Debug|Any CPU.ActiveCfg = Debug|Any CPU
		{0BBE19E0-D44C-45DE-BFB8-FC0C690D0DD8}.Debug|Any CPU.Build.0 = Debug|Any CPU
		{0BBE19E0-D44C-45DE-BFB8-FC0C690D0DD8}.Release|Any CPU.ActiveCfg = Release|Any CPU
		{0BBE19E0-D44C-45DE-BFB8-FC0C690D0DD8}.Release|Any CPU.Build.0 = Release|Any CPU
		{15777925-73BA-4E2E-98B3-712D31368A7F}.Debug|Any CPU.ActiveCfg = Debug|Any CPU
		{15777925-73BA-4E2E-98B3-712D31368A7F}.Debug|Any CPU.Build.0 = Debug|Any CPU
		{15777925-73BA-4E2E-98B3-712D31368A7F}.Release|Any CPU.ActiveCfg = Release|Any CPU
		{15777925-73BA-4E2E-98B3-712D31368A7F}.Release|Any CPU.Build.0 = Release|Any CPU
		{FFAC7661-F683-4069-8551-3B7EB327BD70}.Debug|Any CPU.ActiveCfg = Debug|Any CPU
		{FFAC7661-F683-4069-8551-3B7EB327BD70}.Debug|Any CPU.Build.0 = Debug|Any CPU
		{FFAC7661-F683-4069-8551-3B7EB327BD70}.Release|Any CPU.ActiveCfg = Release|Any CPU
		{FFAC7661-F683-4069-8551-3B7EB327BD70}.Release|Any CPU.Build.0 = Release|Any CPU
		{8455EF6E-1970-4F9F-A749-378C8EEEF309}.Debug|Any CPU.ActiveCfg = Debug|Any CPU
		{8455EF6E-1970-4F9F-A749-378C8EEEF309}.Debug|Any CPU.Build.0 = Debug|Any CPU
		{8455EF6E-1970-4F9F-A749-378C8EEEF309}.Release|Any CPU.ActiveCfg = Release|Any CPU
		{8455EF6E-1970-4F9F-A749-378C8EEEF309}.Release|Any CPU.Build.0 = Release|Any CPU
		{BC392897-A472-4E8C-9C34-936F9A5305C4}.Debug|Any CPU.ActiveCfg = Debug|Any CPU
		{BC392897-A472-4E8C-9C34-936F9A5305C4}.Debug|Any CPU.Build.0 = Debug|Any CPU
		{BC392897-A472-4E8C-9C34-936F9A5305C4}.Release|Any CPU.ActiveCfg = Release|Any CPU
		{BC392897-A472-4E8C-9C34-936F9A5305C4}.Release|Any CPU.Build.0 = Release|Any CPU
		{DCD2CB0C-738F-481D-8065-CA4BA1296FB7}.Debug|Any CPU.ActiveCfg = Debug|Any CPU
		{DCD2CB0C-738F-481D-8065-CA4BA1296FB7}.Debug|Any CPU.Build.0 = Debug|Any CPU
		{DCD2CB0C-738F-481D-8065-CA4BA1296FB7}.Release|Any CPU.ActiveCfg = Release|Any CPU
		{DCD2CB0C-738F-481D-8065-CA4BA1296FB7}.Release|Any CPU.Build.0 = Release|Any CPU
		{85D8404E-C274-4F07-BB99-5F640760389B}.Debug|Any CPU.ActiveCfg = Debug|Any CPU
		{85D8404E-C274-4F07-BB99-5F640760389B}.Debug|Any CPU.Build.0 = Debug|Any CPU
		{85D8404E-C274-4F07-BB99-5F640760389B}.Release|Any CPU.ActiveCfg = Release|Any CPU
		{85D8404E-C274-4F07-BB99-5F640760389B}.Release|Any CPU.Build.0 = Release|Any CPU
		{6751B6EC-2106-4D5F-84AE-609FB7986829}.Debug|Any CPU.ActiveCfg = Debug|Any CPU
		{6751B6EC-2106-4D5F-84AE-609FB7986829}.Debug|Any CPU.Build.0 = Debug|Any CPU
		{6751B6EC-2106-4D5F-84AE-609FB7986829}.Release|Any CPU.ActiveCfg = Release|Any CPU
		{6751B6EC-2106-4D5F-84AE-609FB7986829}.Release|Any CPU.Build.0 = Release|Any CPU
		{398217F9-EB7D-4339-819B-851EF5929296}.Debug|Any CPU.ActiveCfg = Debug|Any CPU
		{398217F9-EB7D-4339-819B-851EF5929296}.Debug|Any CPU.Build.0 = Debug|Any CPU
		{398217F9-EB7D-4339-819B-851EF5929296}.Release|Any CPU.ActiveCfg = Release|Any CPU
		{398217F9-EB7D-4339-819B-851EF5929296}.Release|Any CPU.Build.0 = Release|Any CPU
		{D1F48B27-A3B7-4EDF-9F94-A1B9E20C057A}.Debug|Any CPU.ActiveCfg = Debug|Any CPU
		{D1F48B27-A3B7-4EDF-9F94-A1B9E20C057A}.Debug|Any CPU.Build.0 = Debug|Any CPU
		{D1F48B27-A3B7-4EDF-9F94-A1B9E20C057A}.Release|Any CPU.ActiveCfg = Release|Any CPU
		{D1F48B27-A3B7-4EDF-9F94-A1B9E20C057A}.Release|Any CPU.Build.0 = Release|Any CPU
		{ED0AE778-5BA0-4A81-B285-313DC53E24E7}.Debug|Any CPU.ActiveCfg = Debug|Any CPU
		{ED0AE778-5BA0-4A81-B285-313DC53E24E7}.Debug|Any CPU.Build.0 = Debug|Any CPU
		{ED0AE778-5BA0-4A81-B285-313DC53E24E7}.Release|Any CPU.ActiveCfg = Release|Any CPU
		{ED0AE778-5BA0-4A81-B285-313DC53E24E7}.Release|Any CPU.Build.0 = Release|Any CPU
		{0C414471-E42E-46A0-BC3D-D5395EF533C3}.Debug|Any CPU.ActiveCfg = Debug|Any CPU
		{0C414471-E42E-46A0-BC3D-D5395EF533C3}.Debug|Any CPU.Build.0 = Debug|Any CPU
		{0C414471-E42E-46A0-BC3D-D5395EF533C3}.Release|Any CPU.ActiveCfg = Release|Any CPU
		{0C414471-E42E-46A0-BC3D-D5395EF533C3}.Release|Any CPU.Build.0 = Release|Any CPU
		{CCC0E495-776D-494F-8F5A-1BB42B5BB753}.Debug|Any CPU.ActiveCfg = Debug|Any CPU
		{CCC0E495-776D-494F-8F5A-1BB42B5BB753}.Debug|Any CPU.Build.0 = Debug|Any CPU
		{CCC0E495-776D-494F-8F5A-1BB42B5BB753}.Release|Any CPU.ActiveCfg = Release|Any CPU
		{CCC0E495-776D-494F-8F5A-1BB42B5BB753}.Release|Any CPU.Build.0 = Release|Any CPU
		{FDAD9020-6971-403D-9270-C5AA1F8D3008}.Debug|Any CPU.ActiveCfg = Debug|Any CPU
		{FDAD9020-6971-403D-9270-C5AA1F8D3008}.Debug|Any CPU.Build.0 = Debug|Any CPU
		{FDAD9020-6971-403D-9270-C5AA1F8D3008}.Release|Any CPU.ActiveCfg = Release|Any CPU
		{FDAD9020-6971-403D-9270-C5AA1F8D3008}.Release|Any CPU.Build.0 = Release|Any CPU
		{035C38D4-CB05-4365-B252-180A622CF294}.Debug|Any CPU.ActiveCfg = Debug|Any CPU
		{035C38D4-CB05-4365-B252-180A622CF294}.Debug|Any CPU.Build.0 = Debug|Any CPU
		{035C38D4-CB05-4365-B252-180A622CF294}.Release|Any CPU.ActiveCfg = Release|Any CPU
		{035C38D4-CB05-4365-B252-180A622CF294}.Release|Any CPU.Build.0 = Release|Any CPU
		{ED885A74-0A30-4543-A660-FAB8A558CDD3}.Debug|Any CPU.ActiveCfg = Debug|Any CPU
		{ED885A74-0A30-4543-A660-FAB8A558CDD3}.Debug|Any CPU.Build.0 = Debug|Any CPU
		{ED885A74-0A30-4543-A660-FAB8A558CDD3}.Release|Any CPU.ActiveCfg = Release|Any CPU
		{ED885A74-0A30-4543-A660-FAB8A558CDD3}.Release|Any CPU.Build.0 = Release|Any CPU
		{45CE2FB6-9462-474D-B225-56370604A400}.Debug|Any CPU.ActiveCfg = Debug|Any CPU
		{45CE2FB6-9462-474D-B225-56370604A400}.Debug|Any CPU.Build.0 = Debug|Any CPU
		{45CE2FB6-9462-474D-B225-56370604A400}.Release|Any CPU.ActiveCfg = Release|Any CPU
		{45CE2FB6-9462-474D-B225-56370604A400}.Release|Any CPU.Build.0 = Release|Any CPU
		{89974FAF-18EB-4DE2-9144-A9DD611C6FAC}.Debug|Any CPU.ActiveCfg = Debug|Any CPU
		{89974FAF-18EB-4DE2-9144-A9DD611C6FAC}.Debug|Any CPU.Build.0 = Debug|Any CPU
		{89974FAF-18EB-4DE2-9144-A9DD611C6FAC}.Release|Any CPU.ActiveCfg = Release|Any CPU
		{89974FAF-18EB-4DE2-9144-A9DD611C6FAC}.Release|Any CPU.Build.0 = Release|Any CPU
		{CE5B108A-986D-47BE-81C1-C6228AE7D766}.Debug|Any CPU.ActiveCfg = Debug|Any CPU
		{CE5B108A-986D-47BE-81C1-C6228AE7D766}.Debug|Any CPU.Build.0 = Debug|Any CPU
		{CE5B108A-986D-47BE-81C1-C6228AE7D766}.Release|Any CPU.ActiveCfg = Release|Any CPU
		{CE5B108A-986D-47BE-81C1-C6228AE7D766}.Release|Any CPU.Build.0 = Release|Any CPU
		{20891B20-E30F-40DA-9400-C20C8343F226}.Debug|Any CPU.ActiveCfg = Debug|Any CPU
		{20891B20-E30F-40DA-9400-C20C8343F226}.Debug|Any CPU.Build.0 = Debug|Any CPU
		{20891B20-E30F-40DA-9400-C20C8343F226}.Release|Any CPU.ActiveCfg = Release|Any CPU
		{20891B20-E30F-40DA-9400-C20C8343F226}.Release|Any CPU.Build.0 = Release|Any CPU
		{7AB45512-087C-4BC4-9499-37714FAE0788}.Debug|Any CPU.ActiveCfg = Debug|Any CPU
		{7AB45512-087C-4BC4-9499-37714FAE0788}.Debug|Any CPU.Build.0 = Debug|Any CPU
		{7AB45512-087C-4BC4-9499-37714FAE0788}.Release|Any CPU.ActiveCfg = Release|Any CPU
		{7AB45512-087C-4BC4-9499-37714FAE0788}.Release|Any CPU.Build.0 = Release|Any CPU
	EndGlobalSection
	GlobalSection(SolutionProperties) = preSolution
		HideSolutionNode = FALSE
	EndGlobalSection
	GlobalSection(NestedProjects) = preSolution
		{C8C708D8-29E8-445A-BC55-BCC9D589868A} = {D7E09323-A2AA-4BC1-8DAE-2599422FA7B3}
		{E32B1599-B07B-4CA6-AFBA-55C55B134142} = {D7E09323-A2AA-4BC1-8DAE-2599422FA7B3}
		{5ABBC046-911A-4AAE-A5EB-2C14BCD560AB} = {D7E09323-A2AA-4BC1-8DAE-2599422FA7B3}
		{0BBE19E0-D44C-45DE-BFB8-FC0C690D0DD8} = {D7E09323-A2AA-4BC1-8DAE-2599422FA7B3}
		{15777925-73BA-4E2E-98B3-712D31368A7F} = {D7E09323-A2AA-4BC1-8DAE-2599422FA7B3}
		{FFAC7661-F683-4069-8551-3B7EB327BD70} = {D7E09323-A2AA-4BC1-8DAE-2599422FA7B3}
		{8455EF6E-1970-4F9F-A749-378C8EEEF309} = {D7E09323-A2AA-4BC1-8DAE-2599422FA7B3}
		{BC392897-A472-4E8C-9C34-936F9A5305C4} = {D7E09323-A2AA-4BC1-8DAE-2599422FA7B3}
		{DCD2CB0C-738F-481D-8065-CA4BA1296FB7} = {D7E09323-A2AA-4BC1-8DAE-2599422FA7B3}
		{85D8404E-C274-4F07-BB99-5F640760389B} = {D7E09323-A2AA-4BC1-8DAE-2599422FA7B3}
		{6751B6EC-2106-4D5F-84AE-609FB7986829} = {D7E09323-A2AA-4BC1-8DAE-2599422FA7B3}
		{398217F9-EB7D-4339-819B-851EF5929296} = {D7E09323-A2AA-4BC1-8DAE-2599422FA7B3}
		{D1F48B27-A3B7-4EDF-9F94-A1B9E20C057A} = {D7E09323-A2AA-4BC1-8DAE-2599422FA7B3}
		{ED0AE778-5BA0-4A81-B285-313DC53E24E7} = {D7E09323-A2AA-4BC1-8DAE-2599422FA7B3}
		{0C414471-E42E-46A0-BC3D-D5395EF533C3} = {D7E09323-A2AA-4BC1-8DAE-2599422FA7B3}
		{CCC0E495-776D-494F-8F5A-1BB42B5BB753} = {D7E09323-A2AA-4BC1-8DAE-2599422FA7B3}
		{FDAD9020-6971-403D-9270-C5AA1F8D3008} = {D7E09323-A2AA-4BC1-8DAE-2599422FA7B3}
		{035C38D4-CB05-4365-B252-180A622CF294} = {D7E09323-A2AA-4BC1-8DAE-2599422FA7B3}
		{ED885A74-0A30-4543-A660-FAB8A558CDD3} = {D7E09323-A2AA-4BC1-8DAE-2599422FA7B3}
		{45CE2FB6-9462-474D-B225-56370604A400} = {D7E09323-A2AA-4BC1-8DAE-2599422FA7B3}
		{89974FAF-18EB-4DE2-9144-A9DD611C6FAC} = {D7E09323-A2AA-4BC1-8DAE-2599422FA7B3}
		{CE5B108A-986D-47BE-81C1-C6228AE7D766} = {D7E09323-A2AA-4BC1-8DAE-2599422FA7B3}
		{20891B20-E30F-40DA-9400-C20C8343F226} = {D7E09323-A2AA-4BC1-8DAE-2599422FA7B3}
		{7AB45512-087C-4BC4-9499-37714FAE0788} = {D7E09323-A2AA-4BC1-8DAE-2599422FA7B3}
	EndGlobalSection
	GlobalSection(ExtensibilityGlobals) = postSolution
		SolutionGuid = {CC07DFD9-1AAB-42EB-9844-BBCE756E0233}
	EndGlobalSection
EndGlobal
